
Microsoft Visual Studio Solution File, Format Version 12.00
# Visual Studio Version 17
VisualStudioVersion = 17.3.32811.315
MinimumVisualStudioVersion = 10.0.40219.1
Project("{FAE04EC0-301F-11D3-BF4B-00C04F79EFBC}") = "LineComparisonComputation", "LineComparisonComputation.csproj", "{CC5AFF62-A4EF-4A99-B605-6B92C17E425B}"
EndProject
Global
	GlobalSection(SolutionConfigurationPlatforms) = preSolution
		Debug|Any CPU = Debug|Any CPU
		Release|Any CPU = Release|Any CPU
	EndGlobalSection
	GlobalSection(ProjectConfigurationPlatforms) = postSolution
		{CC5AFF62-A4EF-4A99-B605-6B92C17E425B}.Debug|Any CPU.ActiveCfg = Debug|Any CPU
		{CC5AFF62-A4EF-4A99-B605-6B92C17E425B}.Debug|Any CPU.Build.0 = Debug|Any CPU
		{CC5AFF62-A4EF-4A99-B605-6B92C17E425B}.Release|Any CPU.ActiveCfg = Release|Any CPU
		{CC5AFF62-A4EF-4A99-B605-6B92C17E425B}.Release|Any CPU.Build.0 = Release|Any CPU
	EndGlobalSection
	GlobalSection(SolutionProperties) = preSolution
		HideSolutionNode = FALSE
	EndGlobalSection
	GlobalSection(ExtensibilityGlobals) = postSolution
		SolutionGuid = {B299514B-D899-4273-BD00-4BF51059BFCF}
	EndGlobalSection
EndGlobal
